// !$*UTF8*$!
{
	archiveVersion = 1;
	classes = {
	};
	objectVersion = 50;
	objects = {

/* Begin PBXBuildFile section */
		0130FF38F4E3038DAE2B0579 /* Pods_newProjectTests.framework in Frameworks */ = {isa = PBXBuildFile; fileRef = E151A09C4B677031337120B9 /* Pods_newProjectTests.framework */; };
		66067EF12EBBA1107A3262B0 /* Pods_newProject.framework in Frameworks */ = {isa = PBXBuildFile; fileRef = 8B043B3B0F2C13AAB85F3B8E /* Pods_newProject.framework */; };
		E2A24D812145154D003476BD /* test.m in Sources */ = {isa = PBXBuildFile; fileRef = E2A24D802145154D003476BD /* test.m */; };
		EF58C7CD2133F09500E3DD3E /* EditVC.m in Sources */ = {isa = PBXBuildFile; fileRef = EF58C7CC2133F09500E3DD3E /* EditVC.m */; };
		EF74A78C21255ED4007847E1 /* DetailsVC.m in Sources */ = {isa = PBXBuildFile; fileRef = EF74A78B21255ED4007847E1 /* DetailsVC.m */; };
		EFC69242212FF1B500D07813 /* AddVC.m in Sources */ = {isa = PBXBuildFile; fileRef = EFC69241212FF1B500D07813 /* AddVC.m */; };
		EFF3A5A22124096C0061769F /* AppDelegate.m in Sources */ = {isa = PBXBuildFile; fileRef = EFF3A5A12124096C0061769F /* AppDelegate.m */; };
		EFF3A5A52124096C0061769F /* ViewController.m in Sources */ = {isa = PBXBuildFile; fileRef = EFF3A5A42124096C0061769F /* ViewController.m */; };
		EFF3A5A82124096C0061769F /* Main.storyboard in Resources */ = {isa = PBXBuildFile; fileRef = EFF3A5A62124096C0061769F /* Main.storyboard */; };
		EFF3A5AA2124096F0061769F /* Assets.xcassets in Resources */ = {isa = PBXBuildFile; fileRef = EFF3A5A92124096F0061769F /* Assets.xcassets */; };
		EFF3A5AD2124096F0061769F /* LaunchScreen.storyboard in Resources */ = {isa = PBXBuildFile; fileRef = EFF3A5AB2124096F0061769F /* LaunchScreen.storyboard */; };
		EFF3A5B02124096F0061769F /* main.m in Sources */ = {isa = PBXBuildFile; fileRef = EFF3A5AF2124096F0061769F /* main.m */; };
		EFF3A5BA2124096F0061769F /* newProjectTests.m in Sources */ = {isa = PBXBuildFile; fileRef = EFF3A5B92124096F0061769F /* newProjectTests.m */; };
		EFF3A5C921240B1B0061769F /* TeacherModel.m in Sources */ = {isa = PBXBuildFile; fileRef = EFF3A5C821240B1B0061769F /* TeacherModel.m */; };
		EFF3A5D121240BCB0061769F /* HomeVC.m in Sources */ = {isa = PBXBuildFile; fileRef = EFF3A5D021240BCB0061769F /* HomeVC.m */; };
		EFF3A5D4212412B40061769F /* SimpleTableViewControler.m in Sources */ = {isa = PBXBuildFile; fileRef = EFF3A5D3212412B40061769F /* SimpleTableViewControler.m */; };
		EFF3A5D8212417A10061769F /* AccountCell.m in Sources */ = {isa = PBXBuildFile; fileRef = EFF3A5D7212417A10061769F /* AccountCell.m */; };
		EFF3A5DB212426C20061769F /* 1.jpeg in Resources */ = {isa = PBXBuildFile; fileRef = EFF3A5DA212426C20061769F /* 1.jpeg */; };
		EFF3A5DD212426CF0061769F /* 2.jpg in Resources */ = {isa = PBXBuildFile; fileRef = EFF3A5DC212426CF0061769F /* 2.jpg */; };
/* End PBXBuildFile section */

/* Begin PBXContainerItemProxy section */
		EFF3A5B62124096F0061769F /* PBXContainerItemProxy */ = {
			isa = PBXContainerItemProxy;
			containerPortal = EFF3A5952124096C0061769F /* Project object */;
			proxyType = 1;
			remoteGlobalIDString = EFF3A59C2124096C0061769F;
			remoteInfo = newProject;
		};
/* End PBXContainerItemProxy section */

/* Begin PBXFileReference section */
		27169FCF65717128D887BE21 /* Pods-newProject.release.xcconfig */ = {isa = PBXFileReference; includeInIndex = 1; lastKnownFileType = text.xcconfig; name = "Pods-newProject.release.xcconfig"; path = "Pods/Target Support Files/Pods-newProject/Pods-newProject.release.xcconfig"; sourceTree = "<group>"; };
		34A027A7D472139D8960075B /* Pods-newProject.debug.xcconfig */ = {isa = PBXFileReference; includeInIndex = 1; lastKnownFileType = text.xcconfig; name = "Pods-newProject.debug.xcconfig"; path = "Pods/Target Support Files/Pods-newProject/Pods-newProject.debug.xcconfig"; sourceTree = "<group>"; };
		8B043B3B0F2C13AAB85F3B8E /* Pods_newProject.framework */ = {isa = PBXFileReference; explicitFileType = wrapper.framework; includeInIndex = 0; path = Pods_newProject.framework; sourceTree = BUILT_PRODUCTS_DIR; };
		CC2B65CBBE3ACA4C588D3A41 /* Pods-newProjectTests.debug.xcconfig */ = {isa = PBXFileReference; includeInIndex = 1; lastKnownFileType = text.xcconfig; name = "Pods-newProjectTests.debug.xcconfig"; path = "Pods/Target Support Files/Pods-newProjectTests/Pods-newProjectTests.debug.xcconfig"; sourceTree = "<group>"; };
		E151A09C4B677031337120B9 /* Pods_newProjectTests.framework */ = {isa = PBXFileReference; explicitFileType = wrapper.framework; includeInIndex = 0; path = Pods_newProjectTests.framework; sourceTree = BUILT_PRODUCTS_DIR; };
		E2A24D7F2145154D003476BD /* test.h */ = {isa = PBXFileReference; lastKnownFileType = sourcecode.c.h; path = test.h; sourceTree = "<group>"; };
		E2A24D802145154D003476BD /* test.m */ = {isa = PBXFileReference; lastKnownFileType = sourcecode.c.objc; path = test.m; sourceTree = "<group>"; };
		EF58C7CB2133F09500E3DD3E /* EditVC.h */ = {isa = PBXFileReference; lastKnownFileType = sourcecode.c.h; path = EditVC.h; sourceTree = "<group>"; };
		EF58C7CC2133F09500E3DD3E /* EditVC.m */ = {isa = PBXFileReference; lastKnownFileType = sourcecode.c.objc; path = EditVC.m; sourceTree = "<group>"; };
		EF74A78A21255ED4007847E1 /* DetailsVC.h */ = {isa = PBXFileReference; lastKnownFileType = sourcecode.c.h; path = DetailsVC.h; sourceTree = "<group>"; };
		EF74A78B21255ED4007847E1 /* DetailsVC.m */ = {isa = PBXFileReference; lastKnownFileType = sourcecode.c.objc; path = DetailsVC.m; sourceTree = "<group>"; };
		EFC69240212FF1B500D07813 /* AddVC.h */ = {isa = PBXFileReference; lastKnownFileType = sourcecode.c.h; path = AddVC.h; sourceTree = "<group>"; };
		EFC69241212FF1B500D07813 /* AddVC.m */ = {isa = PBXFileReference; lastKnownFileType = sourcecode.c.objc; path = AddVC.m; sourceTree = "<group>"; };
		EFF3A59D2124096C0061769F /* newProject.app */ = {isa = PBXFileReference; explicitFileType = wrapper.application; includeInIndex = 0; path = newProject.app; sourceTree = BUILT_PRODUCTS_DIR; };
		EFF3A5A02124096C0061769F /* AppDelegate.h */ = {isa = PBXFileReference; lastKnownFileType = sourcecode.c.h; path = AppDelegate.h; sourceTree = "<group>"; };
		EFF3A5A12124096C0061769F /* AppDelegate.m */ = {isa = PBXFileReference; lastKnownFileType = sourcecode.c.objc; path = AppDelegate.m; sourceTree = "<group>"; };
		EFF3A5A32124096C0061769F /* ViewController.h */ = {isa = PBXFileReference; lastKnownFileType = sourcecode.c.h; path = ViewController.h; sourceTree = "<group>"; };
		EFF3A5A42124096C0061769F /* ViewController.m */ = {isa = PBXFileReference; lastKnownFileType = sourcecode.c.objc; path = ViewController.m; sourceTree = "<group>"; };
		EFF3A5A72124096C0061769F /* Base */ = {isa = PBXFileReference; lastKnownFileType = file.storyboard; name = Base; path = Base.lproj/Main.storyboard; sourceTree = "<group>"; };
		EFF3A5A92124096F0061769F /* Assets.xcassets */ = {isa = PBXFileReference; lastKnownFileType = folder.assetcatalog; path = Assets.xcassets; sourceTree = "<group>"; };
		EFF3A5AC2124096F0061769F /* Base */ = {isa = PBXFileReference; lastKnownFileType = file.storyboard; name = Base; path = Base.lproj/LaunchScreen.storyboard; sourceTree = "<group>"; };
		EFF3A5AE2124096F0061769F /* Info.plist */ = {isa = PBXFileReference; lastKnownFileType = text.plist.xml; path = Info.plist; sourceTree = "<group>"; };
		EFF3A5AF2124096F0061769F /* main.m */ = {isa = PBXFileReference; lastKnownFileType = sourcecode.c.objc; path = main.m; sourceTree = "<group>"; };
		EFF3A5B52124096F0061769F /* newProjectTests.xctest */ = {isa = PBXFileReference; explicitFileType = wrapper.cfbundle; includeInIndex = 0; path = newProjectTests.xctest; sourceTree = BUILT_PRODUCTS_DIR; };
		EFF3A5B92124096F0061769F /* newProjectTests.m */ = {isa = PBXFileReference; lastKnownFileType = sourcecode.c.objc; path = newProjectTests.m; sourceTree = "<group>"; };
		EFF3A5BB2124096F0061769F /* Info.plist */ = {isa = PBXFileReference; lastKnownFileType = text.plist.xml; path = Info.plist; sourceTree = "<group>"; };
		EFF3A5C721240B1B0061769F /* TeacherModel.h */ = {isa = PBXFileReference; lastKnownFileType = sourcecode.c.h; path = TeacherModel.h; sourceTree = "<group>"; };
		EFF3A5C821240B1B0061769F /* TeacherModel.m */ = {isa = PBXFileReference; lastKnownFileType = sourcecode.c.objc; path = TeacherModel.m; sourceTree = "<group>"; };
		EFF3A5CF21240BCB0061769F /* HomeVC.h */ = {isa = PBXFileReference; lastKnownFileType = sourcecode.c.h; path = HomeVC.h; sourceTree = "<group>"; };
		EFF3A5D021240BCB0061769F /* HomeVC.m */ = {isa = PBXFileReference; lastKnownFileType = sourcecode.c.objc; path = HomeVC.m; sourceTree = "<group>"; };
		EFF3A5D2212412B40061769F /* SimpleTableViewControler.h */ = {isa = PBXFileReference; lastKnownFileType = sourcecode.c.h; path = SimpleTableViewControler.h; sourceTree = "<group>"; };
		EFF3A5D3212412B40061769F /* SimpleTableViewControler.m */ = {isa = PBXFileReference; lastKnownFileType = sourcecode.c.objc; path = SimpleTableViewControler.m; sourceTree = "<group>"; };
		EFF3A5D6212417A10061769F /* AccountCell.h */ = {isa = PBXFileReference; lastKnownFileType = sourcecode.c.h; path = AccountCell.h; sourceTree = "<group>"; };
		EFF3A5D7212417A10061769F /* AccountCell.m */ = {isa = PBXFileReference; lastKnownFileType = sourcecode.c.objc; path = AccountCell.m; sourceTree = "<group>"; };
		EFF3A5DA212426C20061769F /* 1.jpeg */ = {isa = PBXFileReference; lastKnownFileType = image.jpeg; path = 1.jpeg; sourceTree = "<group>"; };
		EFF3A5DC212426CF0061769F /* 2.jpg */ = {isa = PBXFileReference; lastKnownFileType = image.jpeg; path = 2.jpg; sourceTree = "<group>"; };
		FF7923E78A6C32DC7EEAFB5C /* Pods-newProjectTests.release.xcconfig */ = {isa = PBXFileReference; includeInIndex = 1; lastKnownFileType = text.xcconfig; name = "Pods-newProjectTests.release.xcconfig"; path = "Pods/Target Support Files/Pods-newProjectTests/Pods-newProjectTests.release.xcconfig"; sourceTree = "<group>"; };
/* End PBXFileReference section */

/* Begin PBXFrameworksBuildPhase section */
		EFF3A59A2124096C0061769F /* Frameworks */ = {
			isa = PBXFrameworksBuildPhase;
			buildActionMask = 2147483647;
			files = (
				66067EF12EBBA1107A3262B0 /* Pods_newProject.framework in Frameworks */,
			);
			runOnlyForDeploymentPostprocessing = 0;
		};
		EFF3A5B22124096F0061769F /* Frameworks */ = {
			isa = PBXFrameworksBuildPhase;
			buildActionMask = 2147483647;
			files = (
				0130FF38F4E3038DAE2B0579 /* Pods_newProjectTests.framework in Frameworks */,
			);
			runOnlyForDeploymentPostprocessing = 0;
		};
/* End PBXFrameworksBuildPhase section */

/* Begin PBXGroup section */
		868395AC939CD8CAF57730DE /* Frameworks */ = {
			isa = PBXGroup;
			children = (
				8B043B3B0F2C13AAB85F3B8E /* Pods_newProject.framework */,
				E151A09C4B677031337120B9 /* Pods_newProjectTests.framework */,
			);
			name = Frameworks;
			sourceTree = "<group>";
		};
		A0D87452F90D4AC93D4CED38 /* Pods */ = {
			isa = PBXGroup;
			children = (
				34A027A7D472139D8960075B /* Pods-newProject.debug.xcconfig */,
				27169FCF65717128D887BE21 /* Pods-newProject.release.xcconfig */,
				CC2B65CBBE3ACA4C588D3A41 /* Pods-newProjectTests.debug.xcconfig */,
				FF7923E78A6C32DC7EEAFB5C /* Pods-newProjectTests.release.xcconfig */,
			);
			name = Pods;
			sourceTree = "<group>";
		};
		EF58C7CA2133F06600E3DD3E /* Edit */ = {
			isa = PBXGroup;
			children = (
				EF58C7CB2133F09500E3DD3E /* EditVC.h */,
				EF58C7CC2133F09500E3DD3E /* EditVC.m */,
			);
			path = Edit;
			sourceTree = "<group>";
		};
		EFC6923F212FF15E00D07813 /* AddVC */ = {
			isa = PBXGroup;
			children = (
				EFC69240212FF1B500D07813 /* AddVC.h */,
				EFC69241212FF1B500D07813 /* AddVC.m */,
			);
			path = AddVC;
			sourceTree = "<group>";
		};
		EFF3A5942124096C0061769F = {
			isa = PBXGroup;
			children = (
				EFF3A59F2124096C0061769F /* newProject */,
				EFF3A5B82124096F0061769F /* newProjectTests */,
				EFF3A59E2124096C0061769F /* Products */,
				A0D87452F90D4AC93D4CED38 /* Pods */,
				868395AC939CD8CAF57730DE /* Frameworks */,
			);
			sourceTree = "<group>";
		};
		EFF3A59E2124096C0061769F /* Products */ = {
			isa = PBXGroup;
			children = (
				EFF3A59D2124096C0061769F /* newProject.app */,
				EFF3A5B52124096F0061769F /* newProjectTests.xctest */,
			);
			name = Products;
			sourceTree = "<group>";
		};
		EFF3A59F2124096C0061769F /* newProject */ = {
			isa = PBXGroup;
			children = (
				EFF3A5D5212417560061769F /* View */,
				EFF3A5CE21240B960061769F /* Storyboard */,
				EFF3A5CD21240B650061769F /* Helper */,
				EFF3A5CC21240B550061769F /* Resource */,
				EFF3A5C621240AF60061769F /* Controller */,
				EFF3A5C5212409B90061769F /* ViewController */,
				EFF3A5C42124097B0061769F /* Model */,
				EFF3A5AF2124096F0061769F /* main.m */,
			);
			path = newProject;
			sourceTree = "<group>";
		};
		EFF3A5B82124096F0061769F /* newProjectTests */ = {
			isa = PBXGroup;
			children = (
				EFF3A5B92124096F0061769F /* newProjectTests.m */,
				EFF3A5BB2124096F0061769F /* Info.plist */,
			);
			path = newProjectTests;
			sourceTree = "<group>";
		};
		EFF3A5C42124097B0061769F /* Model */ = {
			isa = PBXGroup;
			children = (
				EFF3A5C721240B1B0061769F /* TeacherModel.h */,
				EFF3A5C821240B1B0061769F /* TeacherModel.m */,
			);
			path = Model;
			sourceTree = "<group>";
		};
		EFF3A5C5212409B90061769F /* ViewController */ = {
			isa = PBXGroup;
			children = (
				EF58C7CA2133F06600E3DD3E /* Edit */,
				EFC6923F212FF15E00D07813 /* AddVC */,
				EFF3A5CB21240B3C0061769F /* DetailVC */,
				EFF3A5CA21240B2B0061769F /* HomeVC */,
				EFF3A5A32124096C0061769F /* ViewController.h */,
				EFF3A5A42124096C0061769F /* ViewController.m */,
				EFF3A5D2212412B40061769F /* SimpleTableViewControler.h */,
				EFF3A5D3212412B40061769F /* SimpleTableViewControler.m */,
				E2A24D7F2145154D003476BD /* test.h */,
				E2A24D802145154D003476BD /* test.m */,
			);
			path = ViewController;
			sourceTree = "<group>";
		};
		EFF3A5C621240AF60061769F /* Controller */ = {
			isa = PBXGroup;
			children = (
			);
			path = Controller;
			sourceTree = "<group>";
		};
		EFF3A5CA21240B2B0061769F /* HomeVC */ = {
			isa = PBXGroup;
			children = (
				EFF3A5CF21240BCB0061769F /* HomeVC.h */,
				EFF3A5D021240BCB0061769F /* HomeVC.m */,
			);
			path = HomeVC;
			sourceTree = "<group>";
		};
		EFF3A5CB21240B3C0061769F /* DetailVC */ = {
			isa = PBXGroup;
			children = (
				EF74A78A21255ED4007847E1 /* DetailsVC.h */,
				EF74A78B21255ED4007847E1 /* DetailsVC.m */,
			);
			path = DetailVC;
			sourceTree = "<group>";
		};
		EFF3A5CC21240B550061769F /* Resource */ = {
			isa = PBXGroup;
			children = (
				EFF3A5D9212426370061769F /* image */,
				EFF3A5A92124096F0061769F /* Assets.xcassets */,
			);
			path = Resource;
			sourceTree = "<group>";
		};
		EFF3A5CD21240B650061769F /* Helper */ = {
			isa = PBXGroup;
			children = (
				EFF3A5AE2124096F0061769F /* Info.plist */,
				EFF3A5A02124096C0061769F /* AppDelegate.h */,
				EFF3A5A12124096C0061769F /* AppDelegate.m */,
			);
			path = Helper;
			sourceTree = "<group>";
		};
		EFF3A5CE21240B960061769F /* Storyboard */ = {
			isa = PBXGroup;
			children = (
				EFF3A5A62124096C0061769F /* Main.storyboard */,
				EFF3A5AB2124096F0061769F /* LaunchScreen.storyboard */,
			);
			path = Storyboard;
			sourceTree = "<group>";
		};
		EFF3A5D5212417560061769F /* View */ = {
			isa = PBXGroup;
			children = (
				EFF3A5D6212417A10061769F /* AccountCell.h */,
				EFF3A5D7212417A10061769F /* AccountCell.m */,
			);
			path = View;
			sourceTree = "<group>";
		};
		EFF3A5D9212426370061769F /* image */ = {
			isa = PBXGroup;
			children = (
				EFF3A5DC212426CF0061769F /* 2.jpg */,
				EFF3A5DA212426C20061769F /* 1.jpeg */,
			);
			path = image;
			sourceTree = "<group>";
		};
/* End PBXGroup section */

/* Begin PBXNativeTarget section */
		EFF3A59C2124096C0061769F /* newProject */ = {
			isa = PBXNativeTarget;
			buildConfigurationList = EFF3A5BE2124096F0061769F /* Build configuration list for PBXNativeTarget "newProject" */;
			buildPhases = (
				C9E3245F67FCCEB473FDE8D8 /* [CP] Check Pods Manifest.lock */,
				EFF3A5992124096C0061769F /* Sources */,
				EFF3A59A2124096C0061769F /* Frameworks */,
				EFF3A59B2124096C0061769F /* Resources */,
				4F140BA6CF11B8F61DC03E0A /* [CP] Embed Pods Frameworks */,
			);
			buildRules = (
			);
			dependencies = (
			);
			name = newProject;
			productName = newProject;
			productReference = EFF3A59D2124096C0061769F /* newProject.app */;
			productType = "com.apple.product-type.application";
		};
		EFF3A5B42124096F0061769F /* newProjectTests */ = {
			isa = PBXNativeTarget;
			buildConfigurationList = EFF3A5C12124096F0061769F /* Build configuration list for PBXNativeTarget "newProjectTests" */;
			buildPhases = (
				59921795C7586F8D2F1897EF /* [CP] Check Pods Manifest.lock */,
				EFF3A5B12124096F0061769F /* Sources */,
				EFF3A5B22124096F0061769F /* Frameworks */,
				EFF3A5B32124096F0061769F /* Resources */,
			);
			buildRules = (
			);
			dependencies = (
				EFF3A5B72124096F0061769F /* PBXTargetDependency */,
			);
			name = newProjectTests;
			productName = newProjectTests;
			productReference = EFF3A5B52124096F0061769F /* newProjectTests.xctest */;
			productType = "com.apple.product-type.bundle.unit-test";
		};
/* End PBXNativeTarget section */

/* Begin PBXProject section */
		EFF3A5952124096C0061769F /* Project object */ = {
			isa = PBXProject;
			attributes = {
				LastUpgradeCheck = 0940;
				ORGANIZATIONNAME = TranDucY;
				TargetAttributes = {
					EFF3A59C2124096C0061769F = {
						CreatedOnToolsVersion = 9.4.1;
					};
					EFF3A5B42124096F0061769F = {
						CreatedOnToolsVersion = 9.4.1;
						TestTargetID = EFF3A59C2124096C0061769F;
					};
				};
			};
			buildConfigurationList = EFF3A5982124096C0061769F /* Build configuration list for PBXProject "newProject" */;
			compatibilityVersion = "Xcode 9.3";
			developmentRegion = en;
			hasScannedForEncodings = 0;
			knownRegions = (
				en,
				Base,
			);
			mainGroup = EFF3A5942124096C0061769F;
			productRefGroup = EFF3A59E2124096C0061769F /* Products */;
			projectDirPath = "";
			projectRoot = "";
			targets = (
				EFF3A59C2124096C0061769F /* newProject */,
				EFF3A5B42124096F0061769F /* newProjectTests */,
			);
		};
/* End PBXProject section */

/* Begin PBXResourcesBuildPhase section */
		EFF3A59B2124096C0061769F /* Resources */ = {
			isa = PBXResourcesBuildPhase;
			buildActionMask = 2147483647;
			files = (
				EFF3A5AD2124096F0061769F /* LaunchScreen.storyboard in Resources */,
				EFF3A5AA2124096F0061769F /* Assets.xcassets in Resources */,
				EFF3A5DD212426CF0061769F /* 2.jpg in Resources */,
				EFF3A5A82124096C0061769F /* Main.storyboard in Resources */,
				EFF3A5DB212426C20061769F /* 1.jpeg in Resources */,
			);
			runOnlyForDeploymentPostprocessing = 0;
		};
		EFF3A5B32124096F0061769F /* Resources */ = {
			isa = PBXResourcesBuildPhase;
			buildActionMask = 2147483647;
			files = (
			);
			runOnlyForDeploymentPostprocessing = 0;
		};
/* End PBXResourcesBuildPhase section */

/* Begin PBXShellScriptBuildPhase section */
		4F140BA6CF11B8F61DC03E0A /* [CP] Embed Pods Frameworks */ = {
			isa = PBXShellScriptBuildPhase;
			buildActionMask = 2147483647;
			files = (
			);
			inputFileListPaths = (
			);
			inputPaths = (
				"${SRCROOT}/Pods/Target Support Files/Pods-newProject/Pods-newProject-frameworks.sh",
				"${BUILT_PRODUCTS_DIR}/SVProgressHUD/SVProgressHUD.framework",
			);
			name = "[CP] Embed Pods Frameworks";
			outputFileListPaths = (
			);
			outputPaths = (
				"${TARGET_BUILD_DIR}/${FRAMEWORKS_FOLDER_PATH}/SVProgressHUD.framework",
			);
			runOnlyForDeploymentPostprocessing = 0;
			shellPath = /bin/sh;
			shellScript = "\"${SRCROOT}/Pods/Target Support Files/Pods-newProject/Pods-newProject-frameworks.sh\"\n";
			showEnvVarsInLog = 0;
		};
		59921795C7586F8D2F1897EF /* [CP] Check Pods Manifest.lock */ = {
			isa = PBXShellScriptBuildPhase;
			buildActionMask = 2147483647;
			files = (
			);
			inputPaths = (
				"${PODS_PODFILE_DIR_PATH}/Podfile.lock",
				"${PODS_ROOT}/Manifest.lock",
			);
			name = "[CP] Check Pods Manifest.lock";
			outputPaths = (
				"$(DERIVED_FILE_DIR)/Pods-newProjectTests-checkManifestLockResult.txt",
			);
			runOnlyForDeploymentPostprocessing = 0;
			shellPath = /bin/sh;
			shellScript = "diff \"${PODS_PODFILE_DIR_PATH}/Podfile.lock\" \"${PODS_ROOT}/Manifest.lock\" > /dev/null\nif [ $? != 0 ] ; then\n    # print error to STDERR\n    echo \"error: The sandbox is not in sync with the Podfile.lock. Run 'pod install' or update your CocoaPods installation.\" >&2\n    exit 1\nfi\n# This output is used by Xcode 'outputs' to avoid re-running this script phase.\necho \"SUCCESS\" > \"${SCRIPT_OUTPUT_FILE_0}\"\n";
			showEnvVarsInLog = 0;
		};
		C9E3245F67FCCEB473FDE8D8 /* [CP] Check Pods Manifest.lock */ = {
			isa = PBXShellScriptBuildPhase;
			buildActionMask = 2147483647;
			files = (
			);
			inputPaths = (
				"${PODS_PODFILE_DIR_PATH}/Podfile.lock",
				"${PODS_ROOT}/Manifest.lock",
			);
			name = "[CP] Check Pods Manifest.lock";
			outputPaths = (
				"$(DERIVED_FILE_DIR)/Pods-newProject-checkManifestLockResult.txt",
			);
			runOnlyForDeploymentPostprocessing = 0;
			shellPath = /bin/sh;
			shellScript = "diff \"${PODS_PODFILE_DIR_PATH}/Podfile.lock\" \"${PODS_ROOT}/Manifest.lock\" > /dev/null\nif [ $? != 0 ] ; then\n    # print error to STDERR\n    echo \"error: The sandbox is not in sync with the Podfile.lock. Run 'pod install' or update your CocoaPods installation.\" >&2\n    exit 1\nfi\n# This output is used by Xcode 'outputs' to avoid re-running this script phase.\necho \"SUCCESS\" > \"${SCRIPT_OUTPUT_FILE_0}\"\n";
			showEnvVarsInLog = 0;
		};
/* End PBXShellScriptBuildPhase section */

/* Begin PBXSourcesBuildPhase section */
		EFF3A5992124096C0061769F /* Sources */ = {
			isa = PBXSourcesBuildPhase;
			buildActionMask = 2147483647;
			files = (
				EFF3A5A52124096C0061769F /* ViewController.m in Sources */,
				EFF3A5B02124096F0061769F /* main.m in Sources */,
				E2A24D812145154D003476BD /* test.m in Sources */,
				EFF3A5C921240B1B0061769F /* TeacherModel.m in Sources */,
				EFC69242212FF1B500D07813 /* AddVC.m in Sources */,
				EFF3A5D121240BCB0061769F /* HomeVC.m in Sources */,
				EFF3A5D4212412B40061769F /* SimpleTableViewControler.m in Sources */,
				EF74A78C21255ED4007847E1 /* DetailsVC.m in Sources */,
				EFF3A5D8212417A10061769F /* AccountCell.m in Sources */,
				EF58C7CD2133F09500E3DD3E /* EditVC.m in Sources */,
				EFF3A5A22124096C0061769F /* AppDelegate.m in Sources */,
			);
			runOnlyForDeploymentPostprocessing = 0;
		};
		EFF3A5B12124096F0061769F /* Sources */ = {
			isa = PBXSourcesBuildPhase;
			buildActionMask = 2147483647;
			files = (
				EFF3A5BA2124096F0061769F /* newProjectTests.m in Sources */,
			);
			runOnlyForDeploymentPostprocessing = 0;
		};
/* End PBXSourcesBuildPhase section */

/* Begin PBXTargetDependency section */
		EFF3A5B72124096F0061769F /* PBXTargetDependency */ = {
			isa = PBXTargetDependency;
			target = EFF3A59C2124096C0061769F /* newProject */;
			targetProxy = EFF3A5B62124096F0061769F /* PBXContainerItemProxy */;
		};
/* End PBXTargetDependency section */

/* Begin PBXVariantGroup section */
		EFF3A5A62124096C0061769F /* Main.storyboard */ = {
			isa = PBXVariantGroup;
			children = (
				EFF3A5A72124096C0061769F /* Base */,
			);
			name = Main.storyboard;
			sourceTree = "<group>";
		};
		EFF3A5AB2124096F0061769F /* LaunchScreen.storyboard */ = {
			isa = PBXVariantGroup;
			children = (
				EFF3A5AC2124096F0061769F /* Base */,
			);
			name = LaunchScreen.storyboard;
			sourceTree = "<group>";
		};
/* End PBXVariantGroup section */

/* Begin XCBuildConfiguration section */
		EFF3A5BC2124096F0061769F /* Debug */ = {
			isa = XCBuildConfiguration;
			buildSettings = {
				ALWAYS_SEARCH_USER_PATHS = NO;
				CLANG_ANALYZER_NONNULL = YES;
				CLANG_ANALYZER_NUMBER_OBJECT_CONVERSION = YES_AGGRESSIVE;
				CLANG_CXX_LANGUAGE_STANDARD = "gnu++14";
				CLANG_CXX_LIBRARY = "libc++";
				CLANG_ENABLE_MODULES = YES;
				CLANG_ENABLE_OBJC_ARC = YES;
				CLANG_ENABLE_OBJC_WEAK = YES;
				CLANG_WARN_BLOCK_CAPTURE_AUTORELEASING = YES;
				CLANG_WARN_BOOL_CONVERSION = YES;
				CLANG_WARN_COMMA = YES;
				CLANG_WARN_CONSTANT_CONVERSION = YES;
				CLANG_WARN_DEPRECATED_OBJC_IMPLEMENTATIONS = YES;
				CLANG_WARN_DIRECT_OBJC_ISA_USAGE = YES_ERROR;
				CLANG_WARN_DOCUMENTATION_COMMENTS = YES;
				CLANG_WARN_EMPTY_BODY = YES;
				CLANG_WARN_ENUM_CONVERSION = YES;
				CLANG_WARN_INFINITE_RECURSION = YES;
				CLANG_WARN_INT_CONVERSION = YES;
				CLANG_WARN_NON_LITERAL_NULL_CONVERSION = YES;
				CLANG_WARN_OBJC_IMPLICIT_RETAIN_SELF = YES;
				CLANG_WARN_OBJC_LITERAL_CONVERSION = YES;
				CLANG_WARN_OBJC_ROOT_CLASS = YES_ERROR;
				CLANG_WARN_RANGE_LOOP_ANALYSIS = YES;
				CLANG_WARN_STRICT_PROTOTYPES = YES;
				CLANG_WARN_SUSPICIOUS_MOVE = YES;
				CLANG_WARN_UNGUARDED_AVAILABILITY = YES_AGGRESSIVE;
				CLANG_WARN_UNREACHABLE_CODE = YES;
				CLANG_WARN__DUPLICATE_METHOD_MATCH = YES;
				CODE_SIGN_IDENTITY = "iPhone Developer";
				COPY_PHASE_STRIP = NO;
				DEBUG_INFORMATION_FORMAT = dwarf;
				ENABLE_STRICT_OBJC_MSGSEND = YES;
				ENABLE_TESTABILITY = YES;
				GCC_C_LANGUAGE_STANDARD = gnu11;
				GCC_DYNAMIC_NO_PIC = NO;
				GCC_NO_COMMON_BLOCKS = YES;
				GCC_OPTIMIZATION_LEVEL = 0;
				GCC_PREPROCESSOR_DEFINITIONS = (
					"DEBUG=1",
					"$(inherited)",
				);
				GCC_WARN_64_TO_32_BIT_CONVERSION = YES;
				GCC_WARN_ABOUT_RETURN_TYPE = YES_ERROR;
				GCC_WARN_UNDECLARED_SELECTOR = YES;
				GCC_WARN_UNINITIALIZED_AUTOS = YES_AGGRESSIVE;
				GCC_WARN_UNUSED_FUNCTION = YES;
				GCC_WARN_UNUSED_VARIABLE = YES;
				IPHONEOS_DEPLOYMENT_TARGET = 11.4;
				MTL_ENABLE_DEBUG_INFO = YES;
				ONLY_ACTIVE_ARCH = NO;
				OTHER_LDFLAGS = "$(inherited)";
				"OTHER_LDFLAGS[arch=*]" = "$inherited -ObjC -lc++ -all_load";
				SDKROOT = iphoneos;
			};
			name = Debug;
		};
		EFF3A5BD2124096F0061769F /* Release */ = {
			isa = XCBuildConfiguration;
			buildSettings = {
				ALWAYS_SEARCH_USER_PATHS = NO;
				CLANG_ANALYZER_NONNULL = YES;
				CLANG_ANALYZER_NUMBER_OBJECT_CONVERSION = YES_AGGRESSIVE;
				CLANG_CXX_LANGUAGE_STANDARD = "gnu++14";
				CLANG_CXX_LIBRARY = "libc++";
				CLANG_ENABLE_MODULES = YES;
				CLANG_ENABLE_OBJC_ARC = YES;
				CLANG_ENABLE_OBJC_WEAK = YES;
				CLANG_WARN_BLOCK_CAPTURE_AUTORELEASING = YES;
				CLANG_WARN_BOOL_CONVERSION = YES;
				CLANG_WARN_COMMA = YES;
				CLANG_WARN_CONSTANT_CONVERSION = YES;
				CLANG_WARN_DEPRECATED_OBJC_IMPLEMENTATIONS = YES;
				CLANG_WARN_DIRECT_OBJC_ISA_USAGE = YES_ERROR;
				CLANG_WARN_DOCUMENTATION_COMMENTS = YES;
				CLANG_WARN_EMPTY_BODY = YES;
				CLANG_WARN_ENUM_CONVERSION = YES;
				CLANG_WARN_INFINITE_RECURSION = YES;
				CLANG_WARN_INT_CONVERSION = YES;
				CLANG_WARN_NON_LITERAL_NULL_CONVERSION = YES;
				CLANG_WARN_OBJC_IMPLICIT_RETAIN_SELF = YES;
				CLANG_WARN_OBJC_LITERAL_CONVERSION = YES;
				CLANG_WARN_OBJC_ROOT_CLASS = YES_ERROR;
				CLANG_WARN_RANGE_LOOP_ANALYSIS = YES;
				CLANG_WARN_STRICT_PROTOTYPES = YES;
				CLANG_WARN_SUSPICIOUS_MOVE = YES;
				CLANG_WARN_UNGUARDED_AVAILABILITY = YES_AGGRESSIVE;
				CLANG_WARN_UNREACHABLE_CODE = YES;
				CLANG_WARN__DUPLICATE_METHOD_MATCH = YES;
				CODE_SIGN_IDENTITY = "iPhone Developer";
				COPY_PHASE_STRIP = NO;
				DEBUG_INFORMATION_FORMAT = "dwarf-with-dsym";
				ENABLE_NS_ASSERTIONS = NO;
				ENABLE_STRICT_OBJC_MSGSEND = YES;
				GCC_C_LANGUAGE_STANDARD = gnu11;
				GCC_NO_COMMON_BLOCKS = YES;
				GCC_WARN_64_TO_32_BIT_CONVERSION = YES;
				GCC_WARN_ABOUT_RETURN_TYPE = YES_ERROR;
				GCC_WARN_UNDECLARED_SELECTOR = YES;
				GCC_WARN_UNINITIALIZED_AUTOS = YES_AGGRESSIVE;
				GCC_WARN_UNUSED_FUNCTION = YES;
				GCC_WARN_UNUSED_VARIABLE = YES;
				IPHONEOS_DEPLOYMENT_TARGET = 11.4;
				MTL_ENABLE_DEBUG_INFO = NO;
				OTHER_LDFLAGS = "$(inherited)";
				"OTHER_LDFLAGS[arch=*]" = "$(inherited)";
				SDKROOT = iphoneos;
				VALIDATE_PRODUCT = YES;
			};
			name = Release;
		};
		EFF3A5BF2124096F0061769F /* Debug */ = {
			isa = XCBuildConfiguration;
			baseConfigurationReference = 34A027A7D472139D8960075B /* Pods-newProject.debug.xcconfig */;
			buildSettings = {
				ASSETCATALOG_COMPILER_APPICON_NAME = AppIcon;
				CODE_SIGN_STYLE = Automatic;
				INFOPLIST_FILE = newProject/Helper/Info.plist;
				LD_RUNPATH_SEARCH_PATHS = (
					"$(inherited)",
					"@executable_path/Frameworks",
				);
				ONLY_ACTIVE_ARCH = NO;
				PRODUCT_BUNDLE_IDENTIFIER = Stdiohue.newProject;
				PRODUCT_NAME = "$(TARGET_NAME)";
				TARGETED_DEVICE_FAMILY = "1,2";
			};
			name = Debug;
		};
		EFF3A5C02124096F0061769F /* Release */ = {
			isa = XCBuildConfiguration;
			baseConfigurationReference = 27169FCF65717128D887BE21 /* Pods-newProject.release.xcconfig */;
			buildSettings = {
				ASSETCATALOG_COMPILER_APPICON_NAME = AppIcon;
				CODE_SIGN_STYLE = Automatic;
				INFOPLIST_FILE = newProject/Helper/Info.plist;
				LD_RUNPATH_SEARCH_PATHS = (
					"$(inherited)",
					"@executable_path/Frameworks",
				);
				PRODUCT_BUNDLE_IDENTIFIER = Stdiohue.newProject;
				PRODUCT_NAME = "$(TARGET_NAME)";
				TARGETED_DEVICE_FAMILY = "1,2";
			};
			name = Release;
		};
		EFF3A5C22124096F0061769F /* Debug */ = {
			isa = XCBuildConfiguration;
			baseConfigurationReference = CC2B65CBBE3ACA4C588D3A41 /* Pods-newProjectTests.debug.xcconfig */;
			buildSettings = {
				BUNDLE_LOADER = "$(TEST_HOST)";
				CODE_SIGN_STYLE = Automatic;
				INFOPLIST_FILE = newProjectTests/Info.plist;
				LD_RUNPATH_SEARCH_PATHS = (
					"$(inherited)",
					"@executable_path/Frameworks",
					"@loader_path/Frameworks",
				);
				PRODUCT_BUNDLE_IDENTIFIER = Stdiohue.newProjectTests;
				PRODUCT_NAME = "$(TARGET_NAME)";
				TARGETED_DEVICE_FAMILY = "1,2";
				TEST_HOST = "$(BUILT_PRODUCTS_DIR)/newProject.app/newProject";
			};
			name = Debug;
		};
		EFF3A5C32124096F0061769F /* Release */ = {
			isa = XCBuildConfiguration;
			baseConfigurationReference = FF7923E78A6C32DC7EEAFB5C /* Pods-newProjectTests.release.xcconfig */;
			buildSettings = {
				BUNDLE_LOADER = "$(TEST_HOST)";
				CODE_SIGN_STYLE = Automatic;
				INFOPLIST_FILE = newProjectTests/Info.plist;
				LD_RUNPATH_SEARCH_PATHS = (
					"$(inherited)",
					"@executable_path/Frameworks",
					"@loader_path/Frameworks",
				);
				PRODUCT_BUNDLE_IDENTIFIER = Stdiohue.newProjectTests;
				PRODUCT_NAME = "$(TARGET_NAME)";
				TARGETED_DEVICE_FAMILY = "1,2";
				TEST_HOST = "$(BUILT_PRODUCTS_DIR)/newProject.app/newProject";
			};
			name = Release;
		};
/* End XCBuildConfiguration section */

/* Begin XCConfigurationList section */
		EFF3A5982124096C0061769F /* Build configuration list for PBXProject "newProject" */ = {
			isa = XCConfigurationList;
			buildConfigurations = (
				EFF3A5BC2124096F0061769F /* Debug */,
				EFF3A5BD2124096F0061769F /* Release */,
			);
			defaultConfigurationIsVisible = 0;
			defaultConfigurationName = Release;
		};
		EFF3A5BE2124096F0061769F /* Build configuration list for PBXNativeTarget "newProject" */ = {
			isa = XCConfigurationList;
			buildConfigurations = (
				EFF3A5BF2124096F0061769F /* Debug */,
				EFF3A5C02124096F0061769F /* Release */,
			);
			defaultConfigurationIsVisible = 0;
			defaultConfigurationName = Release;
		};
		EFF3A5C12124096F0061769F /* Build configuration list for PBXNativeTarget "newProjectTests" */ = {
			isa = XCConfigurationList;
			buildConfigurations = (
				EFF3A5C22124096F0061769F /* Debug */,
				EFF3A5C32124096F0061769F /* Release */,
			);
			defaultConfigurationIsVisible = 0;
			defaultConfigurationName = Release;
		};
/* End XCConfigurationList section */
	};
	rootObject = EFF3A5952124096C0061769F /* Project object */;
}
